// !$*UTF8*$!
{
	archiveVersion = 1;
	classes = {
	};
	objectVersion = 50;
	objects = {

/* Begin PBXBuildFile section */
		16661C7E242914E400C14802 /* AppDelegate.swift in Sources */ = {isa = PBXBuildFile; fileRef = 16661C7D242914E400C14802 /* AppDelegate.swift */; };
		16661C80242914E400C14802 /* ClassifierView.swift in Sources */ = {isa = PBXBuildFile; fileRef = 16661C7F242914E400C14802 /* ClassifierView.swift */; };
		16661C82242914E600C14802 /* Assets.xcassets in Resources */ = {isa = PBXBuildFile; fileRef = 16661C81242914E600C14802 /* Assets.xcassets */; };
		16661C85242914E600C14802 /* Preview Assets.xcassets in Resources */ = {isa = PBXBuildFile; fileRef = 16661C84242914E600C14802 /* Preview Assets.xcassets */; };
		16661C88242914E600C14802 /* Main.storyboard in Resources */ = {isa = PBXBuildFile; fileRef = 16661C86242914E600C14802 /* Main.storyboard */; };
		16661C912429152600C14802 /* Classifier.swift in Sources */ = {isa = PBXBuildFile; fileRef = 16661C902429152600C14802 /* Classifier.swift */; };
		16661C932429153A00C14802 /* Post.swift in Sources */ = {isa = PBXBuildFile; fileRef = 16661C922429153A00C14802 /* Post.swift */; };
		16661C952429206000C14802 /* RuntimeError.swift in Sources */ = {isa = PBXBuildFile; fileRef = 16661C942429206000C14802 /* RuntimeError.swift */; };
		16661C972429206B00C14802 /* Extensions.swift in Sources */ = {isa = PBXBuildFile; fileRef = 16661C962429206B00C14802 /* Extensions.swift */; };
		1678BF0A2429AE6B00CA27DE /* DirectorySelectionView.swift in Sources */ = {isa = PBXBuildFile; fileRef = 1678BF092429AE6B00CA27DE /* DirectorySelectionView.swift */; };
		16A27036242AC2FC0021AF61 /* ProgressIndicator.swift in Sources */ = {isa = PBXBuildFile; fileRef = 16A27035242AC2FC0021AF61 /* ProgressIndicator.swift */; };
/* End PBXBuildFile section */

/* Begin PBXFileReference section */
		16661C7A242914E400C14802 /* NoMoPromoClassifier.app */ = {isa = PBXFileReference; explicitFileType = wrapper.application; includeInIndex = 0; path = NoMoPromoClassifier.app; sourceTree = BUILT_PRODUCTS_DIR; };
		16661C7D242914E400C14802 /* AppDelegate.swift */ = {isa = PBXFileReference; lastKnownFileType = sourcecode.swift; path = AppDelegate.swift; sourceTree = "<group>"; };
		16661C7F242914E400C14802 /* ClassifierView.swift */ = {isa = PBXFileReference; lastKnownFileType = sourcecode.swift; path = ClassifierView.swift; sourceTree = "<group>"; };
		16661C81242914E600C14802 /* Assets.xcassets */ = {isa = PBXFileReference; lastKnownFileType = folder.assetcatalog; path = Assets.xcassets; sourceTree = "<group>"; };
		16661C84242914E600C14802 /* Preview Assets.xcassets */ = {isa = PBXFileReference; lastKnownFileType = folder.assetcatalog; path = "Preview Assets.xcassets"; sourceTree = "<group>"; };
		16661C87242914E600C14802 /* Base */ = {isa = PBXFileReference; lastKnownFileType = file.storyboard; name = Base; path = Base.lproj/Main.storyboard; sourceTree = "<group>"; };
		16661C89242914E600C14802 /* Info.plist */ = {isa = PBXFileReference; lastKnownFileType = text.plist.xml; path = Info.plist; sourceTree = "<group>"; };
		16661C8A242914E600C14802 /* NoMoPromoClassifier.entitlements */ = {isa = PBXFileReference; lastKnownFileType = text.plist.entitlements; path = NoMoPromoClassifier.entitlements; sourceTree = "<group>"; };
		16661C902429152600C14802 /* Classifier.swift */ = {isa = PBXFileReference; lastKnownFileType = sourcecode.swift; path = Classifier.swift; sourceTree = "<group>"; };
		16661C922429153A00C14802 /* Post.swift */ = {isa = PBXFileReference; lastKnownFileType = sourcecode.swift; path = Post.swift; sourceTree = "<group>"; };
		16661C942429206000C14802 /* RuntimeError.swift */ = {isa = PBXFileReference; lastKnownFileType = sourcecode.swift; path = RuntimeError.swift; sourceTree = "<group>"; };
		16661C962429206B00C14802 /* Extensions.swift */ = {isa = PBXFileReference; lastKnownFileType = sourcecode.swift; path = Extensions.swift; sourceTree = "<group>"; };
		1678BF092429AE6B00CA27DE /* DirectorySelectionView.swift */ = {isa = PBXFileReference; lastKnownFileType = sourcecode.swift; path = DirectorySelectionView.swift; sourceTree = "<group>"; };
		16A27035242AC2FC0021AF61 /* ProgressIndicator.swift */ = {isa = PBXFileReference; lastKnownFileType = sourcecode.swift; path = ProgressIndicator.swift; sourceTree = "<group>"; };
/* End PBXFileReference section */

/* Begin PBXFrameworksBuildPhase section */
		16661C77242914E400C14802 /* Frameworks */ = {
			isa = PBXFrameworksBuildPhase;
			buildActionMask = 2147483647;
			files = (
			);
			runOnlyForDeploymentPostprocessing = 0;
		};
/* End PBXFrameworksBuildPhase section */

/* Begin PBXGroup section */
		16661C71242914E400C14802 = {
			isa = PBXGroup;
			children = (
				16661C7C242914E400C14802 /* NoMoPromoClassifier */,
				16661C7B242914E400C14802 /* Products */,
			);
			sourceTree = "<group>";
		};
		16661C7B242914E400C14802 /* Products */ = {
			isa = PBXGroup;
			children = (
				16661C7A242914E400C14802 /* NoMoPromoClassifier.app */,
			);
			name = Products;
			sourceTree = "<group>";
		};
		16661C7C242914E400C14802 /* NoMoPromoClassifier */ = {
			isa = PBXGroup;
			children = (
				16661C7D242914E400C14802 /* AppDelegate.swift */,
				16661C992429208100C14802 /* Model */,
				16661C982429207900C14802 /* View */,
				16661C9A2429208A00C14802 /* Controller */,
				16661C9B2429209300C14802 /* Utilities */,
				16661C81242914E600C14802 /* Assets.xcassets */,
				16661C86242914E600C14802 /* Main.storyboard */,
				16661C89242914E600C14802 /* Info.plist */,
				16661C8A242914E600C14802 /* NoMoPromoClassifier.entitlements */,
				16661C83242914E600C14802 /* Preview Content */,
			);
			path = NoMoPromoClassifier;
			sourceTree = "<group>";
		};
		16661C83242914E600C14802 /* Preview Content */ = {
			isa = PBXGroup;
			children = (
				16661C84242914E600C14802 /* Preview Assets.xcassets */,
			);
			path = "Preview Content";
			sourceTree = "<group>";
		};
		16661C982429207900C14802 /* View */ = {
			isa = PBXGroup;
			children = (
				16661C7F242914E400C14802 /* ClassifierView.swift */,
				1678BF092429AE6B00CA27DE /* DirectorySelectionView.swift */,
				16A27034242AC2EB0021AF61 /* Utility */,
			);
			path = View;
			sourceTree = "<group>";
		};
		16661C992429208100C14802 /* Model */ = {
			isa = PBXGroup;
			children = (
				16661C922429153A00C14802 /* Post.swift */,
			);
			path = Model;
			sourceTree = "<group>";
		};
		16661C9A2429208A00C14802 /* Controller */ = {
			isa = PBXGroup;
			children = (
				16661C902429152600C14802 /* Classifier.swift */,
			);
			path = Controller;
			sourceTree = "<group>";
		};
		16661C9B2429209300C14802 /* Utilities */ = {
			isa = PBXGroup;
			children = (
				16661C942429206000C14802 /* RuntimeError.swift */,
				16661C962429206B00C14802 /* Extensions.swift */,
			);
			path = Utilities;
			sourceTree = "<group>";
		};
		16A27034242AC2EB0021AF61 /* Utility */ = {
			isa = PBXGroup;
			children = (
				16A27035242AC2FC0021AF61 /* ProgressIndicator.swift */,
			);
			path = Utility;
			sourceTree = "<group>";
		};
/* End PBXGroup section */

/* Begin PBXNativeTarget section */
		16661C79242914E400C14802 /* NoMoPromoClassifier */ = {
			isa = PBXNativeTarget;
			buildConfigurationList = 16661C8D242914E600C14802 /* Build configuration list for PBXNativeTarget "NoMoPromoClassifier" */;
			buildPhases = (
				16661C76242914E400C14802 /* Sources */,
				16661C77242914E400C14802 /* Frameworks */,
				16661C78242914E400C14802 /* Resources */,
			);
			buildRules = (
			);
			dependencies = (
			);
			name = NoMoPromoClassifier;
			productName = NoMoPromoClassifier;
			productReference = 16661C7A242914E400C14802 /* NoMoPromoClassifier.app */;
			productType = "com.apple.product-type.application";
		};
/* End PBXNativeTarget section */

/* Begin PBXProject section */
		16661C72242914E400C14802 /* Project object */ = {
			isa = PBXProject;
			attributes = {
				LastSwiftUpdateCheck = 1140;
				LastUpgradeCheck = 1140;
				ORGANIZATIONNAME = "Jacob Clayden";
				TargetAttributes = {
					16661C79242914E400C14802 = {
						CreatedOnToolsVersion = 11.4;
					};
				};
			};
			buildConfigurationList = 16661C75242914E400C14802 /* Build configuration list for PBXProject "NoMoPromoClassifier" */;
			compatibilityVersion = "Xcode 9.3";
			developmentRegion = en;
			hasScannedForEncodings = 0;
			knownRegions = (
				en,
				Base,
			);
			mainGroup = 16661C71242914E400C14802;
			productRefGroup = 16661C7B242914E400C14802 /* Products */;
			projectDirPath = "";
			projectRoot = "";
			targets = (
				16661C79242914E400C14802 /* NoMoPromoClassifier */,
			);
		};
/* End PBXProject section */

/* Begin PBXResourcesBuildPhase section */
		16661C78242914E400C14802 /* Resources */ = {
			isa = PBXResourcesBuildPhase;
			buildActionMask = 2147483647;
			files = (
				16661C88242914E600C14802 /* Main.storyboard in Resources */,
				16661C85242914E600C14802 /* Preview Assets.xcassets in Resources */,
				16661C82242914E600C14802 /* Assets.xcassets in Resources */,
			);
			runOnlyForDeploymentPostprocessing = 0;
		};
/* End PBXResourcesBuildPhase section */

/* Begin PBXSourcesBuildPhase section */
		16661C76242914E400C14802 /* Sources */ = {
			isa = PBXSourcesBuildPhase;
			buildActionMask = 2147483647;
			files = (
				16661C80242914E400C14802 /* ClassifierView.swift in Sources */,
				16661C972429206B00C14802 /* Extensions.swift in Sources */,
				16661C912429152600C14802 /* Classifier.swift in Sources */,
				16661C7E242914E400C14802 /* AppDelegate.swift in Sources */,
				16A27036242AC2FC0021AF61 /* ProgressIndicator.swift in Sources */,
				1678BF0A2429AE6B00CA27DE /* DirectorySelectionView.swift in Sources */,
				16661C932429153A00C14802 /* Post.swift in Sources */,
				16661C952429206000C14802 /* RuntimeError.swift in Sources */,
			);
			runOnlyForDeploymentPostprocessing = 0;
		};
/* End PBXSourcesBuildPhase section */

/* Begin PBXVariantGroup section */
		16661C86242914E600C14802 /* Main.storyboard */ = {
			isa = PBXVariantGroup;
			children = (
				16661C87242914E600C14802 /* Base */,
			);
			name = Main.storyboard;
			sourceTree = "<group>";
		};
/* End PBXVariantGroup section */

/* Begin XCBuildConfiguration section */
		16661C8B242914E600C14802 /* Debug */ = {
			isa = XCBuildConfiguration;
			buildSettings = {
				ALWAYS_SEARCH_USER_PATHS = NO;
				CLANG_ANALYZER_NONNULL = YES;
				CLANG_ANALYZER_NUMBER_OBJECT_CONVERSION = YES_AGGRESSIVE;
				CLANG_CXX_LANGUAGE_STANDARD = "gnu++14";
				CLANG_CXX_LIBRARY = "libc++";
				CLANG_ENABLE_MODULES = YES;
				CLANG_ENABLE_OBJC_ARC = YES;
				CLANG_ENABLE_OBJC_WEAK = YES;
				CLANG_WARN_BLOCK_CAPTURE_AUTORELEASING = YES;
				CLANG_WARN_BOOL_CONVERSION = YES;
				CLANG_WARN_COMMA = YES;
				CLANG_WARN_CONSTANT_CONVERSION = YES;
				CLANG_WARN_DEPRECATED_OBJC_IMPLEMENTATIONS = YES;
				CLANG_WARN_DIRECT_OBJC_ISA_USAGE = YES_ERROR;
				CLANG_WARN_DOCUMENTATION_COMMENTS = YES;
				CLANG_WARN_EMPTY_BODY = YES;
				CLANG_WARN_ENUM_CONVERSION = YES;
				CLANG_WARN_INFINITE_RECURSION = YES;
				CLANG_WARN_INT_CONVERSION = YES;
				CLANG_WARN_NON_LITERAL_NULL_CONVERSION = YES;
				CLANG_WARN_OBJC_IMPLICIT_RETAIN_SELF = YES;
				CLANG_WARN_OBJC_LITERAL_CONVERSION = YES;
				CLANG_WARN_OBJC_ROOT_CLASS = YES_ERROR;
				CLANG_WARN_RANGE_LOOP_ANALYSIS = YES;
				CLANG_WARN_STRICT_PROTOTYPES = YES;
				CLANG_WARN_SUSPICIOUS_MOVE = YES;
				CLANG_WARN_UNGUARDED_AVAILABILITY = YES_AGGRESSIVE;
				CLANG_WARN_UNREACHABLE_CODE = YES;
				CLANG_WARN__DUPLICATE_METHOD_MATCH = YES;
				COPY_PHASE_STRIP = NO;
				DEBUG_INFORMATION_FORMAT = dwarf;
				ENABLE_STRICT_OBJC_MSGSEND = YES;
				ENABLE_TESTABILITY = YES;
				GCC_C_LANGUAGE_STANDARD = gnu11;
				GCC_DYNAMIC_NO_PIC = NO;
				GCC_NO_COMMON_BLOCKS = YES;
				GCC_OPTIMIZATION_LEVEL = 0;
				GCC_PREPROCESSOR_DEFINITIONS = (
					"DEBUG=1",
					"$(inherited)",
				);
				GCC_WARN_64_TO_32_BIT_CONVERSION = YES;
				GCC_WARN_ABOUT_RETURN_TYPE = YES_ERROR;
				GCC_WARN_UNDECLARED_SELECTOR = YES;
				GCC_WARN_UNINITIALIZED_AUTOS = YES_AGGRESSIVE;
				GCC_WARN_UNUSED_FUNCTION = YES;
				GCC_WARN_UNUSED_VARIABLE = YES;
				MACOSX_DEPLOYMENT_TARGET = 10.15;
				MTL_ENABLE_DEBUG_INFO = INCLUDE_SOURCE;
				MTL_FAST_MATH = YES;
				ONLY_ACTIVE_ARCH = YES;
				SDKROOT = macosx;
				SWIFT_ACTIVE_COMPILATION_CONDITIONS = DEBUG;
				SWIFT_OPTIMIZATION_LEVEL = "-Onone";
			};
			name = Debug;
		};
		16661C8C242914E600C14802 /* Release */ = {
			isa = XCBuildConfiguration;
			buildSettings = {
				ALWAYS_SEARCH_USER_PATHS = NO;
				CLANG_ANALYZER_NONNULL = YES;
				CLANG_ANALYZER_NUMBER_OBJECT_CONVERSION = YES_AGGRESSIVE;
				CLANG_CXX_LANGUAGE_STANDARD = "gnu++14";
				CLANG_CXX_LIBRARY = "libc++";
				CLANG_ENABLE_MODULES = YES;
				CLANG_ENABLE_OBJC_ARC = YES;
				CLANG_ENABLE_OBJC_WEAK = YES;
				CLANG_WARN_BLOCK_CAPTURE_AUTORELEASING = YES;
				CLANG_WARN_BOOL_CONVERSION = YES;
				CLANG_WARN_COMMA = YES;
				CLANG_WARN_CONSTANT_CONVERSION = YES;
				CLANG_WARN_DEPRECATED_OBJC_IMPLEMENTATIONS = YES;
				CLANG_WARN_DIRECT_OBJC_ISA_USAGE = YES_ERROR;
				CLANG_WARN_DOCUMENTATION_COMMENTS = YES;
				CLANG_WARN_EMPTY_BODY = YES;
				CLANG_WARN_ENUM_CONVERSION = YES;
				CLANG_WARN_INFINITE_RECURSION = YES;
				CLANG_WARN_INT_CONVERSION = YES;
				CLANG_WARN_NON_LITERAL_NULL_CONVERSION = YES;
				CLANG_WARN_OBJC_IMPLICIT_RETAIN_SELF = YES;
				CLANG_WARN_OBJC_LITERAL_CONVERSION = YES;
				CLANG_WARN_OBJC_ROOT_CLASS = YES_ERROR;
				CLANG_WARN_RANGE_LOOP_ANALYSIS = YES;
				CLANG_WARN_STRICT_PROTOTYPES = YES;
				CLANG_WARN_SUSPICIOUS_MOVE = YES;
				CLANG_WARN_UNGUARDED_AVAILABILITY = YES_AGGRESSIVE;
				CLANG_WARN_UNREACHABLE_CODE = YES;
				CLANG_WARN__DUPLICATE_METHOD_MATCH = YES;
				COPY_PHASE_STRIP = NO;
				DEBUG_INFORMATION_FORMAT = "dwarf-with-dsym";
				ENABLE_NS_ASSERTIONS = NO;
				ENABLE_STRICT_OBJC_MSGSEND = YES;
				GCC_C_LANGUAGE_STANDARD = gnu11;
				GCC_NO_COMMON_BLOCKS = YES;
				GCC_WARN_64_TO_32_BIT_CONVERSION = YES;
				GCC_WARN_ABOUT_RETURN_TYPE = YES_ERROR;
				GCC_WARN_UNDECLARED_SELECTOR = YES;
				GCC_WARN_UNINITIALIZED_AUTOS = YES_AGGRESSIVE;
				GCC_WARN_UNUSED_FUNCTION = YES;
				GCC_WARN_UNUSED_VARIABLE = YES;
				MACOSX_DEPLOYMENT_TARGET = 10.15;
				MTL_ENABLE_DEBUG_INFO = NO;
				MTL_FAST_MATH = YES;
				SDKROOT = macosx;
				SWIFT_COMPILATION_MODE = wholemodule;
				SWIFT_OPTIMIZATION_LEVEL = "-O";
			};
			name = Release;
		};
		16661C8E242914E600C14802 /* Debug */ = {
			isa = XCBuildConfiguration;
			buildSettings = {
				ASSETCATALOG_COMPILER_APPICON_NAME = AppIcon;
				CODE_SIGN_ENTITLEMENTS = NoMoPromoClassifier/NoMoPromoClassifier.entitlements;
				CODE_SIGN_STYLE = Automatic;
				COMBINE_HIDPI_IMAGES = YES;
				CURRENT_PROJECT_VERSION = 6;
				DEVELOPMENT_ASSET_PATHS = "\"NoMoPromoClassifier/Preview Content\"";
				DEVELOPMENT_TEAM = 9489Q3YVAN;
				ENABLE_HARDENED_RUNTIME = YES;
				ENABLE_PREVIEWS = YES;
				INFOPLIST_FILE = NoMoPromoClassifier/Info.plist;
				LD_RUNPATH_SEARCH_PATHS = (
					"$(inherited)",
					"@executable_path/../Frameworks",
				);
				MACOSX_DEPLOYMENT_TARGET = 10.15;
				MARKETING_VERSION = 1.1.3;
				PRODUCT_BUNDLE_IDENTIFIER = com.jacobcxdev.NoMoPromoClassifier;
				PRODUCT_NAME = "$(TARGET_NAME)";
				SWIFT_VERSION = 5.0;
			};
			name = Debug;
		};
		16661C8F242914E600C14802 /* Release */ = {
			isa = XCBuildConfiguration;
			buildSettings = {
				ASSETCATALOG_COMPILER_APPICON_NAME = AppIcon;
				CODE_SIGN_ENTITLEMENTS = NoMoPromoClassifier/NoMoPromoClassifier.entitlements;
				CODE_SIGN_STYLE = Automatic;
				COMBINE_HIDPI_IMAGES = YES;
				CURRENT_PROJECT_VERSION = 6;
				DEVELOPMENT_ASSET_PATHS = "\"NoMoPromoClassifier/Preview Content\"";
				DEVELOPMENT_TEAM = 9489Q3YVAN;
				ENABLE_HARDENED_RUNTIME = YES;
				ENABLE_PREVIEWS = YES;
				INFOPLIST_FILE = NoMoPromoClassifier/Info.plist;
				LD_RUNPATH_SEARCH_PATHS = (
					"$(inherited)",
					"@executable_path/../Frameworks",
				);
				MACOSX_DEPLOYMENT_TARGET = 10.15;
				MARKETING_VERSION = 1.1.3;
				PRODUCT_BUNDLE_IDENTIFIER = com.jacobcxdev.NoMoPromoClassifier;
				PRODUCT_NAME = "$(TARGET_NAME)";
				SWIFT_VERSION = 5.0;
			};
			name = Release;
		};
/* End XCBuildConfiguration section */

/* Begin XCConfigurationList section */
		16661C75242914E400C14802 /* Build configuration list for PBXProject "NoMoPromoClassifier" */ = {
			isa = XCConfigurationList;
			buildConfigurations = (
				16661C8B242914E600C14802 /* Debug */,
				16661C8C242914E600C14802 /* Release */,
			);
			defaultConfigurationIsVisible = 0;
			defaultConfigurationName = Release;
		};
		16661C8D242914E600C14802 /* Build configuration list for PBXNativeTarget "NoMoPromoClassifier" */ = {
			isa = XCConfigurationList;
			buildConfigurations = (
				16661C8E242914E600C14802 /* Debug */,
				16661C8F242914E600C14802 /* Release */,
			);
			defaultConfigurationIsVisible = 0;
			defaultConfigurationName = Release;
		};
/* End XCConfigurationList section */
	};
	rootObject = 16661C72242914E400C14802 /* Project object */;
}
